github.com/clbanning/mxj v1.8.4/go.mod h1:BVjHeAH+rl9rs6f+QIpeRl0tfu10SXn1pUSa5PVGJng=
github.com/go-msvc/errors v0.0.0-20191116111408-1c2c4914594f h1:H133ILkH0NDwCWK2bnosKrELC9U1986a/9Dir3pZBm8=
github.com/go-msvc/errors v0.0.0-20191116111408-1c2c4914594f/go.mod h1:6TowyvcfJbqCqtdQiUebaZFv8oKr9w725osRS4PjBuc=
github.com/go-msvc/log v0.0.0-20200515104948-e039d1c2f30d h1:uad7vxDGgTOAoil2i9e3qy9fxmpnWXnlQAAgDPH68Rk=
github.com/go-msvc/log v0.0.0-20200515104948-e039d1c2f30d/go.mod h1:Dnqfxk5HByk8ymjEJWsYo0V35hNTL3jfdqofPWB7Jac=
github.com/go-msvc/logger v0.0.0-20200921071849-c0ba6025fb9f h1:7wguzrXWRHNeQfZ/LK5yW0Xag644j/XhKo44uoo+bJo=
github.com/go-msvc/logger v0.0.0-20200921071849-c0ba6025fb9f/go.mod h1:1d92/t6HRCrlSxL48lANZEVbWhPyGbnugbxJ6xs5J9g=
github.com/jansemmelink/log v0.3.0 h1:9VLc9thM0HeUQw808EN1jzqeLEUxwS3c6DgoNzSOtJc=
github.com/jansemmelink/log v0.3.0/go.mod h1:4npzuSpVcgpimzy6N9b1E1yTv5L4QfZ2G0CzNDb+55M=
github.com/pkg/errors v0.9.1 h1:FEBLx1zS214owpjy7qsBeixbURkuhQAwrK5UwLGTwt4=
github.com/pkg/errors v0.9.1/go.mod h1:bwawxfHBFNV+L2hUp1rHADufV3IMtnDRdf1r5NINEl0=
